
Microsoft Visual Studio Solution File, Format Version 12.00
# Visual Studio Version 17
VisualStudioVersion = 17.5.002.0
MinimumVisualStudioVersion = 10.0.40219.1
Project("{9A19103F-16F7-4668-BE54-9A1E7A4F7556}") = "construtores", "construtores.csproj", "{15CD9D67-BAC7-4062-B62E-D6F6A19CCC5A}"
EndProject
Global
	GlobalSection(SolutionConfigurationPlatforms) = preSolution
		Debug|Any CPU = Debug|Any CPU
		Release|Any CPU = Release|Any CPU
	EndGlobalSection
	GlobalSection(ProjectConfigurationPlatforms) = postSolution
		{15CD9D67-BAC7-4062-B62E-D6F6A19CCC5A}.Debug|Any CPU.ActiveCfg = Debug|Any CPU
		{15CD9D67-BAC7-4062-B62E-D6F6A19CCC5A}.Debug|Any CPU.Build.0 = Debug|Any CPU
		{15CD9D67-BAC7-4062-B62E-D6F6A19CCC5A}.Release|Any CPU.ActiveCfg = Release|Any CPU
		{15CD9D67-BAC7-4062-B62E-D6F6A19CCC5A}.Release|Any CPU.Build.0 = Release|Any CPU
	EndGlobalSection
	GlobalSection(SolutionProperties) = preSolution
		HideSolutionNode = FALSE
	EndGlobalSection
	GlobalSection(ExtensibilityGlobals) = postSolution
		SolutionGuid = {62DD05F7-B06E-477C-917C-F55DF6403F61}
	EndGlobalSection
EndGlobal
